{
    "version": 3,
    "terraform_version": "0.11.10",
    "serial": 4,
    "lineage": "116d36e5-c6e4-bf11-5cda-f11bf6b11723",
    "modules": [
        {
            "path": [
                "root"
            ],
            "outputs": {},
            "resources": {
                "openstack_compute_floatingip_associate_v2.test_network-fip-associate": {
                    "type": "openstack_compute_floatingip_associate_v2",
                    "depends_on": [
                        "openstack_compute_floatingip_v2.test-network-fip",
                        "openstack_compute_instance_v2.test-network-epc"
                    ],
                    "primary": {
                        "id": "192.168.50.154/0f92f41a-e817-4d54-94f7-3f50e464a84e/",
                        "attributes": {
                            "fixed_ip": "",
                            "floating_ip": "192.168.50.154",
                            "id": "192.168.50.154/0f92f41a-e817-4d54-94f7-3f50e464a84e/",
                            "instance_id": "0f92f41a-e817-4d54-94f7-3f50e464a84e",
                            "region": "",
                            "wait_until_associated": "true"
                        },
                        "meta": {
                            "e2bfb730-ecaa-11e6-8f88-34363bc7c4c0": {
                                "create": 600000000000
                            }
                        },
                        "tainted": false
                    },
                    "deposed": [],
                    "provider": "provider.openstack"
                },
                "openstack_compute_floatingip_v2.test-network-fip": {
                    "type": "openstack_compute_floatingip_v2",
                    "depends_on": [],
                    "primary": {
                        "id": "72a2d2a3-6326-446a-9684-cb5066536f31",
                        "attributes": {
                            "address": "192.168.50.154",
                            "fixed_ip": "",
                            "id": "72a2d2a3-6326-446a-9684-cb5066536f31",
                            "instance_id": "",
                            "pool": "public1",
                            "region": ""
                        },
                        "meta": {},
                        "tainted": false
                    },
                    "deposed": [],
                    "provider": "provider.openstack"
                },
                "openstack_compute_instance_v2.test-network-epc": {
                    "type": "openstack_compute_instance_v2",
                    "depends_on": [
                        "openstack_images_image_v2.ubuntu-xenial",
                        "openstack_networking_network_v2.test-network",
                        "openstack_networking_subnet_v2.test-network-subnet"
                    ],
                    "primary": {
                        "id": "0f92f41a-e817-4d54-94f7-3f50e464a84e",
                        "attributes": {
                            "access_ip_v4": "192.168.187.4",
                            "access_ip_v6": "",
                            "all_metadata.%": "0",
                            "availability_zone": "nova",
                            "flavor_id": "2",
                            "flavor_name": "m1.small",
                            "force_delete": "false",
                            "id": "0f92f41a-e817-4d54-94f7-3f50e464a84e",
                            "image_id": "981525ee-bb3e-49cd-945f-b53202ef984b",
                            "image_name": "vubuntu16.04",
                            "key_pair": "iptnuc7",
                            "name": "vtest_ubuntu_xenial",
                            "network.#": "1",
                            "network.0.access_network": "false",
                            "network.0.fixed_ip_v4": "192.168.187.4",
                            "network.0.fixed_ip_v6": "",
                            "network.0.floating_ip": "",
                            "network.0.mac": "fa:16:3e:4c:ad:17",
                            "network.0.name": "vtest-network",
                            "network.0.port": "",
                            "network.0.uuid": "39ae293c-c118-4d16-884a-0a10433663f9",
                            "power_state": "active",
                            "region": "",
                            "security_groups.#": "1",
                            "security_groups.2116489517": "test-network-secgroup",
                            "stop_before_destroy": "false"
                        },
                        "meta": {
                            "e2bfb730-ecaa-11e6-8f88-34363bc7c4c0": {
                                "create": 1800000000000,
                                "delete": 1800000000000,
                                "update": 1800000000000
                            }
                        },
                        "tainted": false
                    },
                    "deposed": [],
                    "provider": "provider.openstack"
                },
                "openstack_compute_keypair_v2.iptnuc7": {
                    "type": "openstack_compute_keypair_v2",
                    "depends_on": [],
                    "primary": {
                        "id": "iptnuc7",
                        "attributes": {
                            "fingerprint": "7b:9a:27:62:a4:76:62:ad:d2:ff:fa:63:14:85:b7:a7",
                            "id": "iptnuc7",
                            "name": "iptnuc7",
                            "private_key": "",
                            "public_key": "ssh-rsa AAAAB3NzaC1yc2EAAAADAQABAAABAQCt7Vu4D1e7Deh17JCDfpLDuZdWWaxN7cPx7LdJRyiXb12fqtb0DAWuHtDYRu14q7yAziK6cZiN6SaAytZu9xfj1g+Ma9fi0UQ9qxAI+XYbsGEhdpaT+4pyWluQItHga76T23wVx+Iioi6yaHK/9J1EWCzfXL0b8bDU+IFuNzRz+mduDtwE90RTp3xz59/yZtiMHBdLZCdSkgMOcdVIf8Usy80bdmM2nFWvMhtalYjyGWblXHPFb2m7eexpOqpiITJt3CXwS0CIvUzC+zDq8LnibcXE+hC0qJtHeJ/43hXFbTakiWCLczlCxsTJXzrg//StdNclYpOWEEuoTykbz3MJ v.calzado@outlook.com",
                            "region": ""
                        },
                        "meta": {},
                        "tainted": false
                    },
                    "deposed": [],
                    "provider": "provider.openstack"
                },
                "openstack_images_image_v2.ubuntu-xenial": {
                    "type": "openstack_images_image_v2",
                    "depends_on": [],
                    "primary": {
                        "id": "981525ee-bb3e-49cd-945f-b53202ef984b",
                        "attributes": {
                            "checksum": "93b2de7a1313d9623cbd593108a3f62b",
                            "container_format": "bare",
                            "disk_format": "qcow2",
                            "file": "/v2/images/981525ee-bb3e-49cd-945f-b53202ef984b/file",
                            "id": "981525ee-bb3e-49cd-945f-b53202ef984b",
                            "image_cache_path": "/home/labuser/.terraform/image_cache",
                            "image_source_url": "http://cloud-images.ubuntu.com/xenial/current/xenial-server-cloudimg-amd64-disk1.img",
                            "metadata.%": "0",
                            "min_disk_gb": "0",
                            "min_ram_mb": "0",
                            "name": "vubuntu16.04",
                            "owner": "4bed0bf5dbb4420ba290da1b3825a513",
                            "properties.%": "2",
                            "properties.os_hash_algo": "sha512",
                            "properties.os_hash_value": "005175ab16f42f0451e9d942c4b93bcef5ff35bb19bbb067760e490910b0a3b4fe1fd8727eceda4de25c76aad723d06e76e15303b12ccb6980f1a3d22b8f683c",
                            "protected": "false",
                            "region": "",
                            "schema": "/v2/schemas/image",
                            "size_bytes": "297074688",
                            "status": "active",
                            "tags.#": "0",
                            "verify_checksum": "true",
                            "visibility": "public"
                        },
                        "meta": {
                            "e2bfb730-ecaa-11e6-8f88-34363bc7c4c0": {
                                "create": 1800000000000
                            }
                        },
                        "tainted": false
                    },
                    "deposed": [],
                    "provider": "provider.openstack"
                },
                "openstack_networking_network_v2.test-network": {
                    "type": "openstack_networking_network_v2",
                    "depends_on": [],
                    "primary": {
                        "id": "39ae293c-c118-4d16-884a-0a10433663f9",
                        "attributes": {
                            "admin_state_up": "true",
                            "availability_zone_hints.#": "0",
                            "id": "39ae293c-c118-4d16-884a-0a10433663f9",
                            "name": "vtest-network",
                            "region": "",
                            "shared": "false",
                            "tags.#": "0",
                            "tenant_id": "4bed0bf5dbb4420ba290da1b3825a513"
                        },
                        "meta": {
                            "e2bfb730-ecaa-11e6-8f88-34363bc7c4c0": {
                                "create": 600000000000,
                                "delete": 600000000000
                            }
                        },
                        "tainted": false
                    },
                    "deposed": [],
                    "provider": "provider.openstack"
                },
                "openstack_networking_router_interface_v2.test-network-intf": {
                    "type": "openstack_networking_router_interface_v2",
                    "depends_on": [
                        "openstack_networking_router_v2.test-network-router",
                        "openstack_networking_subnet_v2.test-network-subnet"
                    ],
                    "primary": {
                        "id": "a62e7748-c86a-4f67-a292-14997ed1482d",
                        "attributes": {
                            "id": "a62e7748-c86a-4f67-a292-14997ed1482d",
                            "port_id": "a62e7748-c86a-4f67-a292-14997ed1482d",
                            "region": "",
                            "router_id": "ebf8ea8b-29da-4723-8434-f2c48fd11a2f",
                            "subnet_id": "e4e47839-2b7e-49ee-87fb-10396df5f59d"
                        },
                        "meta": {
                            "e2bfb730-ecaa-11e6-8f88-34363bc7c4c0": {
                                "create": 600000000000,
                                "delete": 600000000000
                            }
                        },
                        "tainted": false
                    },
                    "deposed": [],
                    "provider": "provider.openstack"
                },
                "openstack_networking_router_v2.test-network-router": {
                    "type": "openstack_networking_router_v2",
                    "depends_on": [],
                    "primary": {
                        "id": "ebf8ea8b-29da-4723-8434-f2c48fd11a2f",
                        "attributes": {
                            "admin_state_up": "true",
                            "availability_zone_hints.#": "0",
                            "distributed": "true",
                            "enable_snat": "true",
                            "external_fixed_ip.#": "1",
                            "external_fixed_ip.0.ip_address": "192.168.50.150",
                            "external_fixed_ip.0.subnet_id": "5a196125-faac-40a1-84c7-90eae4aa29fa",
                            "external_gateway": "b6d69518-3af5-40c1-b43b-95954f034ae4",
                            "external_network_id": "b6d69518-3af5-40c1-b43b-95954f034ae4",
                            "id": "ebf8ea8b-29da-4723-8434-f2c48fd11a2f",
                            "name": "vtest-network-router",
                            "region": "",
                            "tags.#": "0",
                            "tenant_id": "4bed0bf5dbb4420ba290da1b3825a513"
                        },
                        "meta": {
                            "e2bfb730-ecaa-11e6-8f88-34363bc7c4c0": {
                                "create": 600000000000,
                                "delete": 600000000000
                            }
                        },
                        "tainted": false
                    },
                    "deposed": [],
                    "provider": "provider.openstack"
                },
                "openstack_networking_secgroup_rule_v2.test-secgroup-icmp": {
                    "type": "openstack_networking_secgroup_rule_v2",
                    "depends_on": [
                        "openstack_networking_secgroup_v2.test-network-secgroup"
                    ],
                    "primary": {
                        "id": "d152b188-6ab9-4190-b9fa-9f2d06417847",
                        "attributes": {
                            "description": "",
                            "direction": "ingress",
                            "ethertype": "IPv4",
                            "id": "d152b188-6ab9-4190-b9fa-9f2d06417847",
                            "port_range_max": "0",
                            "port_range_min": "0",
                            "protocol": "icmp",
                            "region": "",
                            "remote_group_id": "",
                            "remote_ip_prefix": "0.0.0.0/0",
                            "security_group_id": "66036f69-ced8-4721-a409-bee1f84e148e",
                            "tenant_id": "4bed0bf5dbb4420ba290da1b3825a513"
                        },
                        "meta": {
                            "e2bfb730-ecaa-11e6-8f88-34363bc7c4c0": {
                                "delete": 600000000000
                            }
                        },
                        "tainted": false
                    },
                    "deposed": [],
                    "provider": "provider.openstack"
                },
                "openstack_networking_secgroup_rule_v2.test-secgroup-iperf-tcp": {
                    "type": "openstack_networking_secgroup_rule_v2",
                    "depends_on": [
                        "openstack_networking_secgroup_v2.test-network-secgroup"
                    ],
                    "primary": {
                        "id": "cd1e089e-556e-4706-9bcf-bb98dffedf7e",
                        "attributes": {
                            "description": "",
                            "direction": "ingress",
                            "ethertype": "IPv4",
                            "id": "cd1e089e-556e-4706-9bcf-bb98dffedf7e",
                            "port_range_max": "5001",
                            "port_range_min": "5001",
                            "protocol": "tcp",
                            "region": "",
                            "remote_group_id": "",
                            "remote_ip_prefix": "0.0.0.0/0",
                            "security_group_id": "66036f69-ced8-4721-a409-bee1f84e148e",
                            "tenant_id": "4bed0bf5dbb4420ba290da1b3825a513"
                        },
                        "meta": {
                            "e2bfb730-ecaa-11e6-8f88-34363bc7c4c0": {
                                "delete": 600000000000
                            }
                        },
                        "tainted": false
                    },
                    "deposed": [],
                    "provider": "provider.openstack"
                },
                "openstack_networking_secgroup_rule_v2.test-secgroup-iperf-udp": {
                    "type": "openstack_networking_secgroup_rule_v2",
                    "depends_on": [
                        "openstack_networking_secgroup_v2.test-network-secgroup"
                    ],
                    "primary": {
                        "id": "05403b39-7c8a-41cb-a581-e97b6dd2eb75",
                        "attributes": {
                            "description": "",
                            "direction": "ingress",
                            "ethertype": "IPv4",
                            "id": "05403b39-7c8a-41cb-a581-e97b6dd2eb75",
                            "port_range_max": "5001",
                            "port_range_min": "5001",
                            "protocol": "udp",
                            "region": "",
                            "remote_group_id": "",
                            "remote_ip_prefix": "0.0.0.0/0",
                            "security_group_id": "66036f69-ced8-4721-a409-bee1f84e148e",
                            "tenant_id": "4bed0bf5dbb4420ba290da1b3825a513"
                        },
                        "meta": {
                            "e2bfb730-ecaa-11e6-8f88-34363bc7c4c0": {
                                "delete": 600000000000
                            }
                        },
                        "tainted": false
                    },
                    "deposed": [],
                    "provider": "provider.openstack"
                },
                "openstack_networking_secgroup_rule_v2.test-secgroup-iperf3-tcp": {
                    "type": "openstack_networking_secgroup_rule_v2",
                    "depends_on": [
                        "openstack_networking_secgroup_v2.test-network-secgroup"
                    ],
                    "primary": {
                        "id": "5e387cc5-c45f-4c13-8d4d-eb9912305de8",
                        "attributes": {
                            "description": "",
                            "direction": "ingress",
                            "ethertype": "IPv4",
                            "id": "5e387cc5-c45f-4c13-8d4d-eb9912305de8",
                            "port_range_max": "5201",
                            "port_range_min": "5201",
                            "protocol": "tcp",
                            "region": "",
                            "remote_group_id": "",
                            "remote_ip_prefix": "0.0.0.0/0",
                            "security_group_id": "66036f69-ced8-4721-a409-bee1f84e148e",
                            "tenant_id": "4bed0bf5dbb4420ba290da1b3825a513"
                        },
                        "meta": {
                            "e2bfb730-ecaa-11e6-8f88-34363bc7c4c0": {
                                "delete": 600000000000
                            }
                        },
                        "tainted": false
                    },
                    "deposed": [],
                    "provider": "provider.openstack"
                },
                "openstack_networking_secgroup_rule_v2.test-secgroup-iperf3-udp": {
                    "type": "openstack_networking_secgroup_rule_v2",
                    "depends_on": [
                        "openstack_networking_secgroup_v2.test-network-secgroup"
                    ],
                    "primary": {
                        "id": "c138a79d-d766-4fe3-9676-f519c282119f",
                        "attributes": {
                            "description": "",
                            "direction": "ingress",
                            "ethertype": "IPv4",
                            "id": "c138a79d-d766-4fe3-9676-f519c282119f",
                            "port_range_max": "5201",
                            "port_range_min": "5201",
                            "protocol": "udp",
                            "region": "",
                            "remote_group_id": "",
                            "remote_ip_prefix": "0.0.0.0/0",
                            "security_group_id": "66036f69-ced8-4721-a409-bee1f84e148e",
                            "tenant_id": "4bed0bf5dbb4420ba290da1b3825a513"
                        },
                        "meta": {
                            "e2bfb730-ecaa-11e6-8f88-34363bc7c4c0": {
                                "delete": 600000000000
                            }
                        },
                        "tainted": false
                    },
                    "deposed": [],
                    "provider": "provider.openstack"
                },
                "openstack_networking_secgroup_rule_v2.test-secgroup-ssh": {
                    "type": "openstack_networking_secgroup_rule_v2",
                    "depends_on": [
                        "openstack_networking_secgroup_v2.test-network-secgroup"
                    ],
                    "primary": {
                        "id": "dd7546b5-cacb-4bf3-abdd-f611c385373d",
                        "attributes": {
                            "description": "",
                            "direction": "ingress",
                            "ethertype": "IPv4",
                            "id": "dd7546b5-cacb-4bf3-abdd-f611c385373d",
                            "port_range_max": "22",
                            "port_range_min": "22",
                            "protocol": "tcp",
                            "region": "",
                            "remote_group_id": "",
                            "remote_ip_prefix": "0.0.0.0/0",
                            "security_group_id": "66036f69-ced8-4721-a409-bee1f84e148e",
                            "tenant_id": "4bed0bf5dbb4420ba290da1b3825a513"
                        },
                        "meta": {
                            "e2bfb730-ecaa-11e6-8f88-34363bc7c4c0": {
                                "delete": 600000000000
                            }
                        },
                        "tainted": false
                    },
                    "deposed": [],
                    "provider": "provider.openstack"
                },
                "openstack_networking_secgroup_v2.test-network-secgroup": {
                    "type": "openstack_networking_secgroup_v2",
                    "depends_on": [],
                    "primary": {
                        "id": "66036f69-ced8-4721-a409-bee1f84e148e",
                        "attributes": {
                            "description": "victor test Network security group",
                            "id": "66036f69-ced8-4721-a409-bee1f84e148e",
                            "name": "vtest-network-secgroup",
                            "region": "",
                            "tags.#": "0",
                            "tenant_id": "4bed0bf5dbb4420ba290da1b3825a513"
                        },
                        "meta": {
                            "e2bfb730-ecaa-11e6-8f88-34363bc7c4c0": {
                                "delete": 600000000000
                            }
                        },
                        "tainted": false
                    },
                    "deposed": [],
                    "provider": "provider.openstack"
                },
                "openstack_networking_subnet_v2.test-network-subnet": {
                    "type": "openstack_networking_subnet_v2",
                    "depends_on": [
                        "openstack_networking_network_v2.test-network"
                    ],
                    "primary": {
                        "id": "e4e47839-2b7e-49ee-87fb-10396df5f59d",
                        "attributes": {
                            "allocation_pools.#": "1",
                            "allocation_pools.0.end": "192.168.187.254",
                            "allocation_pools.0.start": "192.168.187.2",
                            "cidr": "192.168.187.0/24",
                            "dns_nameservers.#": "1",
                            "dns_nameservers.0": "192.168.50.253",
                            "enable_dhcp": "true",
                            "gateway_ip": "192.168.187.1",
                            "host_routes.#": "0",
                            "id": "e4e47839-2b7e-49ee-87fb-10396df5f59d",
                            "ip_version": "4",
                            "ipv6_address_mode": "",
                            "ipv6_ra_mode": "",
                            "name": "test-network-subnet",
                            "network_id": "39ae293c-c118-4d16-884a-0a10433663f9",
                            "no_gateway": "false",
                            "region": "",
                            "subnetpool_id": "",
                            "tags.#": "0",
                            "tenant_id": "4bed0bf5dbb4420ba290da1b3825a513"
                        },
                        "meta": {
                            "e2bfb730-ecaa-11e6-8f88-34363bc7c4c0": {
                                "create": 600000000000,
                                "delete": 600000000000
                            }
                        },
                        "tainted": false
                    },
                    "deposed": [],
                    "provider": "provider.openstack"
                }
            },
            "depends_on": []
        }
    ]
}
