{
    "version": 3,
    "terraform_version": "0.11.10",
    "serial": 5,
    "lineage": "c542c34b-18e1-fc62-658f-c365c036388b",
    "modules": [
        {
            "path": [
                "root"
            ],
            "outputs": {},
            "resources": {
                "openstack_compute_floatingip_associate_v2.cluster_network-fip-associate": {
                    "type": "openstack_compute_floatingip_associate_v2",
                    "depends_on": [
                        "openstack_compute_floatingip_v2.cluster-network-fip",
                        "openstack_compute_instance_v2.cluster-master"
                    ],
                    "primary": {
                        "id": "192.168.50.156/fdd76e8e-cf55-4901-a920-e86d89dc1b56/",
                        "attributes": {
                            "fixed_ip": "",
                            "floating_ip": "192.168.50.156",
                            "id": "192.168.50.156/fdd76e8e-cf55-4901-a920-e86d89dc1b56/",
                            "instance_id": "fdd76e8e-cf55-4901-a920-e86d89dc1b56",
                            "region": "",
                            "wait_until_associated": "true"
                        },
                        "meta": {
                            "e2bfb730-ecaa-11e6-8f88-34363bc7c4c0": {
                                "create": 600000000000
                            }
                        },
                        "tainted": false
                    },
                    "deposed": [],
                    "provider": "provider.openstack"
                },
                "openstack_compute_floatingip_v2.cluster-network-fip": {
                    "type": "openstack_compute_floatingip_v2",
                    "depends_on": [],
                    "primary": {
                        "id": "54eb694c-8b58-4351-ba75-edee645579c3",
                        "attributes": {
                            "address": "192.168.50.156",
                            "fixed_ip": "192.168.190.7",
                            "id": "54eb694c-8b58-4351-ba75-edee645579c3",
                            "instance_id": "fdd76e8e-cf55-4901-a920-e86d89dc1b56",
                            "pool": "public1",
                            "region": ""
                        },
                        "meta": {},
                        "tainted": false
                    },
                    "deposed": [],
                    "provider": "provider.openstack"
                },
                "openstack_compute_instance_v2.cluster-master": {
                    "type": "openstack_compute_instance_v2",
                    "depends_on": [
                        "openstack_networking_network_v2.cluster-network",
                        "openstack_networking_subnet_v2.cluster-network-subnet"
                    ],
                    "primary": {
                        "id": "fdd76e8e-cf55-4901-a920-e86d89dc1b56",
                        "attributes": {
                            "access_ip_v4": "192.168.190.7",
                            "access_ip_v6": "",
                            "all_metadata.%": "0",
                            "availability_zone": "nova",
                            "flavor_id": "2",
                            "flavor_name": "m1.small",
                            "force_delete": "false",
                            "id": "fdd76e8e-cf55-4901-a920-e86d89dc1b56",
                            "image_id": "55a20bd5-741c-4ee1-9019-c8e546ee1a2a",
                            "image_name": "ubuntu16.04",
                            "key_pair": "iptnuc7",
                            "name": "cluster_master",
                            "network.#": "1",
                            "network.0.access_network": "false",
                            "network.0.fixed_ip_v4": "192.168.190.7",
                            "network.0.fixed_ip_v6": "",
                            "network.0.floating_ip": "",
                            "network.0.mac": "fa:16:3e:8a:e2:d6",
                            "network.0.name": "master-cluster-network",
                            "network.0.port": "",
                            "network.0.uuid": "c276189b-7d9c-4451-8a4f-d522b11315f4",
                            "power_state": "active",
                            "region": "",
                            "security_groups.#": "1",
                            "security_groups.2116489517": "test-network-secgroup",
                            "stop_before_destroy": "false"
                        },
                        "meta": {
                            "e2bfb730-ecaa-11e6-8f88-34363bc7c4c0": {
                                "create": 1800000000000,
                                "delete": 1800000000000,
                                "update": 1800000000000
                            }
                        },
                        "tainted": false
                    },
                    "deposed": [],
                    "provider": "provider.openstack"
                },
                "openstack_compute_instance_v2.cluster_slaves.0": {
                    "type": "openstack_compute_instance_v2",
                    "depends_on": [
                        "openstack_networking_network_v2.cluster-network",
                        "openstack_networking_subnet_v2.cluster-network-subnet"
                    ],
                    "primary": {
                        "id": "bf4deaa2-eb27-4843-894c-06f3bb29bf83",
                        "attributes": {
                            "access_ip_v4": "192.168.190.25",
                            "access_ip_v6": "",
                            "all_metadata.%": "0",
                            "availability_zone": "nova",
                            "flavor_id": "2",
                            "flavor_name": "m1.small",
                            "force_delete": "false",
                            "id": "bf4deaa2-eb27-4843-894c-06f3bb29bf83",
                            "image_id": "55a20bd5-741c-4ee1-9019-c8e546ee1a2a",
                            "image_name": "ubuntu16.04",
                            "key_pair": "iptnuc7",
                            "name": "nodo-0",
                            "network.#": "1",
                            "network.0.access_network": "false",
                            "network.0.fixed_ip_v4": "192.168.190.25",
                            "network.0.fixed_ip_v6": "",
                            "network.0.floating_ip": "",
                            "network.0.mac": "fa:16:3e:ac:28:6b",
                            "network.0.name": "master-cluster-network",
                            "network.0.port": "",
                            "network.0.uuid": "c276189b-7d9c-4451-8a4f-d522b11315f4",
                            "power_state": "active",
                            "region": "",
                            "security_groups.#": "1",
                            "security_groups.2116489517": "test-network-secgroup",
                            "stop_before_destroy": "false"
                        },
                        "meta": {
                            "e2bfb730-ecaa-11e6-8f88-34363bc7c4c0": {
                                "create": 1800000000000,
                                "delete": 1800000000000,
                                "update": 1800000000000
                            }
                        },
                        "tainted": false
                    },
                    "deposed": [],
                    "provider": "provider.openstack"
                },
                "openstack_compute_instance_v2.cluster_slaves.1": {
                    "type": "openstack_compute_instance_v2",
                    "depends_on": [
                        "openstack_networking_network_v2.cluster-network",
                        "openstack_networking_subnet_v2.cluster-network-subnet"
                    ],
                    "primary": {
                        "id": "c567e244-85aa-4c4d-9a3a-d079e38095f9",
                        "attributes": {
                            "access_ip_v4": "192.168.190.3",
                            "access_ip_v6": "",
                            "all_metadata.%": "0",
                            "availability_zone": "nova",
                            "flavor_id": "2",
                            "flavor_name": "m1.small",
                            "force_delete": "false",
                            "id": "c567e244-85aa-4c4d-9a3a-d079e38095f9",
                            "image_id": "55a20bd5-741c-4ee1-9019-c8e546ee1a2a",
                            "image_name": "ubuntu16.04",
                            "key_pair": "iptnuc7",
                            "name": "nodo-1",
                            "network.#": "1",
                            "network.0.access_network": "false",
                            "network.0.fixed_ip_v4": "192.168.190.3",
                            "network.0.fixed_ip_v6": "",
                            "network.0.floating_ip": "",
                            "network.0.mac": "fa:16:3e:dd:96:bf",
                            "network.0.name": "master-cluster-network",
                            "network.0.port": "",
                            "network.0.uuid": "c276189b-7d9c-4451-8a4f-d522b11315f4",
                            "power_state": "active",
                            "region": "",
                            "security_groups.#": "1",
                            "security_groups.2116489517": "test-network-secgroup",
                            "stop_before_destroy": "false"
                        },
                        "meta": {
                            "e2bfb730-ecaa-11e6-8f88-34363bc7c4c0": {
                                "create": 1800000000000,
                                "delete": 1800000000000,
                                "update": 1800000000000
                            }
                        },
                        "tainted": false
                    },
                    "deposed": [],
                    "provider": "provider.openstack"
                },
                "openstack_compute_instance_v2.cluster_slaves.2": {
                    "type": "openstack_compute_instance_v2",
                    "depends_on": [
                        "openstack_networking_network_v2.cluster-network",
                        "openstack_networking_subnet_v2.cluster-network-subnet"
                    ],
                    "primary": {
                        "id": "96548f73-83d9-40f0-8e6b-f879cc7bf878",
                        "attributes": {
                            "access_ip_v4": "192.168.190.8",
                            "access_ip_v6": "",
                            "all_metadata.%": "0",
                            "availability_zone": "nova",
                            "flavor_id": "2",
                            "flavor_name": "m1.small",
                            "force_delete": "false",
                            "id": "96548f73-83d9-40f0-8e6b-f879cc7bf878",
                            "image_id": "55a20bd5-741c-4ee1-9019-c8e546ee1a2a",
                            "image_name": "ubuntu16.04",
                            "key_pair": "iptnuc7",
                            "name": "nodo-2",
                            "network.#": "1",
                            "network.0.access_network": "false",
                            "network.0.fixed_ip_v4": "192.168.190.8",
                            "network.0.fixed_ip_v6": "",
                            "network.0.floating_ip": "",
                            "network.0.mac": "fa:16:3e:04:e6:2b",
                            "network.0.name": "master-cluster-network",
                            "network.0.port": "",
                            "network.0.uuid": "c276189b-7d9c-4451-8a4f-d522b11315f4",
                            "power_state": "active",
                            "region": "",
                            "security_groups.#": "1",
                            "security_groups.2116489517": "test-network-secgroup",
                            "stop_before_destroy": "false"
                        },
                        "meta": {
                            "e2bfb730-ecaa-11e6-8f88-34363bc7c4c0": {
                                "create": 1800000000000,
                                "delete": 1800000000000,
                                "update": 1800000000000
                            }
                        },
                        "tainted": false
                    },
                    "deposed": [],
                    "provider": "provider.openstack"
                },
                "openstack_compute_instance_v2.cluster_slaves.3": {
                    "type": "openstack_compute_instance_v2",
                    "depends_on": [
                        "openstack_networking_network_v2.cluster-network",
                        "openstack_networking_subnet_v2.cluster-network-subnet"
                    ],
                    "primary": {
                        "id": "63d08fcc-e851-43b7-b1a3-873dee4ab450",
                        "attributes": {
                            "access_ip_v4": "192.168.190.9",
                            "access_ip_v6": "",
                            "all_metadata.%": "0",
                            "availability_zone": "nova",
                            "flavor_id": "2",
                            "flavor_name": "m1.small",
                            "force_delete": "false",
                            "id": "63d08fcc-e851-43b7-b1a3-873dee4ab450",
                            "image_id": "55a20bd5-741c-4ee1-9019-c8e546ee1a2a",
                            "image_name": "ubuntu16.04",
                            "key_pair": "iptnuc7",
                            "name": "nodo-3",
                            "network.#": "1",
                            "network.0.access_network": "false",
                            "network.0.fixed_ip_v4": "192.168.190.9",
                            "network.0.fixed_ip_v6": "",
                            "network.0.floating_ip": "",
                            "network.0.mac": "fa:16:3e:9f:09:00",
                            "network.0.name": "master-cluster-network",
                            "network.0.port": "",
                            "network.0.uuid": "c276189b-7d9c-4451-8a4f-d522b11315f4",
                            "power_state": "active",
                            "region": "",
                            "security_groups.#": "1",
                            "security_groups.2116489517": "test-network-secgroup",
                            "stop_before_destroy": "false"
                        },
                        "meta": {
                            "e2bfb730-ecaa-11e6-8f88-34363bc7c4c0": {
                                "create": 1800000000000,
                                "delete": 1800000000000,
                                "update": 1800000000000
                            }
                        },
                        "tainted": false
                    },
                    "deposed": [],
                    "provider": "provider.openstack"
                },
                "openstack_compute_instance_v2.cluster_slaves.4": {
                    "type": "openstack_compute_instance_v2",
                    "depends_on": [
                        "openstack_networking_network_v2.cluster-network",
                        "openstack_networking_subnet_v2.cluster-network-subnet"
                    ],
                    "primary": {
                        "id": "da5e2cde-2d50-4238-a98c-5fbaa69a18c4",
                        "attributes": {
                            "access_ip_v4": "192.168.190.18",
                            "access_ip_v6": "",
                            "all_metadata.%": "0",
                            "availability_zone": "nova",
                            "flavor_id": "2",
                            "flavor_name": "m1.small",
                            "force_delete": "false",
                            "id": "da5e2cde-2d50-4238-a98c-5fbaa69a18c4",
                            "image_id": "55a20bd5-741c-4ee1-9019-c8e546ee1a2a",
                            "image_name": "ubuntu16.04",
                            "key_pair": "iptnuc7",
                            "name": "nodo-4",
                            "network.#": "1",
                            "network.0.access_network": "false",
                            "network.0.fixed_ip_v4": "192.168.190.18",
                            "network.0.fixed_ip_v6": "",
                            "network.0.floating_ip": "",
                            "network.0.mac": "fa:16:3e:2b:2c:29",
                            "network.0.name": "master-cluster-network",
                            "network.0.port": "",
                            "network.0.uuid": "c276189b-7d9c-4451-8a4f-d522b11315f4",
                            "power_state": "active",
                            "region": "",
                            "security_groups.#": "1",
                            "security_groups.2116489517": "test-network-secgroup",
                            "stop_before_destroy": "false"
                        },
                        "meta": {
                            "e2bfb730-ecaa-11e6-8f88-34363bc7c4c0": {
                                "create": 1800000000000,
                                "delete": 1800000000000,
                                "update": 1800000000000
                            }
                        },
                        "tainted": false
                    },
                    "deposed": [],
                    "provider": "provider.openstack"
                },
                "openstack_compute_instance_v2.cluster_slaves.5": {
                    "type": "openstack_compute_instance_v2",
                    "depends_on": [
                        "openstack_networking_network_v2.cluster-network",
                        "openstack_networking_subnet_v2.cluster-network-subnet"
                    ],
                    "primary": {
                        "id": "6985bb88-945e-4dbe-a3ab-cbe7aa30bf82",
                        "attributes": {
                            "access_ip_v4": "192.168.190.6",
                            "access_ip_v6": "",
                            "all_metadata.%": "0",
                            "availability_zone": "nova",
                            "flavor_id": "2",
                            "flavor_name": "m1.small",
                            "force_delete": "false",
                            "id": "6985bb88-945e-4dbe-a3ab-cbe7aa30bf82",
                            "image_id": "55a20bd5-741c-4ee1-9019-c8e546ee1a2a",
                            "image_name": "ubuntu16.04",
                            "key_pair": "iptnuc7",
                            "name": "nodo-5",
                            "network.#": "1",
                            "network.0.access_network": "false",
                            "network.0.fixed_ip_v4": "192.168.190.6",
                            "network.0.fixed_ip_v6": "",
                            "network.0.floating_ip": "",
                            "network.0.mac": "fa:16:3e:ae:07:cd",
                            "network.0.name": "master-cluster-network",
                            "network.0.port": "",
                            "network.0.uuid": "c276189b-7d9c-4451-8a4f-d522b11315f4",
                            "power_state": "active",
                            "region": "",
                            "security_groups.#": "1",
                            "security_groups.2116489517": "test-network-secgroup",
                            "stop_before_destroy": "false"
                        },
                        "meta": {
                            "e2bfb730-ecaa-11e6-8f88-34363bc7c4c0": {
                                "create": 1800000000000,
                                "delete": 1800000000000,
                                "update": 1800000000000
                            }
                        },
                        "tainted": false
                    },
                    "deposed": [],
                    "provider": "provider.openstack"
                },
                "openstack_compute_instance_v2.cluster_slaves.6": {
                    "type": "openstack_compute_instance_v2",
                    "depends_on": [
                        "openstack_networking_network_v2.cluster-network",
                        "openstack_networking_subnet_v2.cluster-network-subnet"
                    ],
                    "primary": {
                        "id": "5e5e92b6-2f8c-4d6f-b004-792c8ca596f1",
                        "attributes": {
                            "access_ip_v4": "192.168.190.11",
                            "access_ip_v6": "",
                            "all_metadata.%": "0",
                            "availability_zone": "nova",
                            "flavor_id": "2",
                            "flavor_name": "m1.small",
                            "force_delete": "false",
                            "id": "5e5e92b6-2f8c-4d6f-b004-792c8ca596f1",
                            "image_id": "55a20bd5-741c-4ee1-9019-c8e546ee1a2a",
                            "image_name": "ubuntu16.04",
                            "key_pair": "iptnuc7",
                            "name": "nodo-6",
                            "network.#": "1",
                            "network.0.access_network": "false",
                            "network.0.fixed_ip_v4": "192.168.190.11",
                            "network.0.fixed_ip_v6": "",
                            "network.0.floating_ip": "",
                            "network.0.mac": "fa:16:3e:df:37:e2",
                            "network.0.name": "master-cluster-network",
                            "network.0.port": "",
                            "network.0.uuid": "c276189b-7d9c-4451-8a4f-d522b11315f4",
                            "power_state": "active",
                            "region": "",
                            "security_groups.#": "1",
                            "security_groups.2116489517": "test-network-secgroup",
                            "stop_before_destroy": "false"
                        },
                        "meta": {
                            "e2bfb730-ecaa-11e6-8f88-34363bc7c4c0": {
                                "create": 1800000000000,
                                "delete": 1800000000000,
                                "update": 1800000000000
                            }
                        },
                        "tainted": false
                    },
                    "deposed": [],
                    "provider": "provider.openstack"
                },
                "openstack_compute_instance_v2.cluster_slaves.7": {
                    "type": "openstack_compute_instance_v2",
                    "depends_on": [
                        "openstack_networking_network_v2.cluster-network",
                        "openstack_networking_subnet_v2.cluster-network-subnet"
                    ],
                    "primary": {
                        "id": "1dbc16ce-ebd5-4a29-af7a-affde6676938",
                        "attributes": {
                            "access_ip_v4": "192.168.190.4",
                            "access_ip_v6": "",
                            "all_metadata.%": "0",
                            "availability_zone": "nova",
                            "flavor_id": "2",
                            "flavor_name": "m1.small",
                            "force_delete": "false",
                            "id": "1dbc16ce-ebd5-4a29-af7a-affde6676938",
                            "image_id": "55a20bd5-741c-4ee1-9019-c8e546ee1a2a",
                            "image_name": "ubuntu16.04",
                            "key_pair": "iptnuc7",
                            "name": "nodo-7",
                            "network.#": "1",
                            "network.0.access_network": "false",
                            "network.0.fixed_ip_v4": "192.168.190.4",
                            "network.0.fixed_ip_v6": "",
                            "network.0.floating_ip": "",
                            "network.0.mac": "fa:16:3e:5c:95:16",
                            "network.0.name": "master-cluster-network",
                            "network.0.port": "",
                            "network.0.uuid": "c276189b-7d9c-4451-8a4f-d522b11315f4",
                            "power_state": "active",
                            "region": "",
                            "security_groups.#": "1",
                            "security_groups.2116489517": "test-network-secgroup",
                            "stop_before_destroy": "false"
                        },
                        "meta": {
                            "e2bfb730-ecaa-11e6-8f88-34363bc7c4c0": {
                                "create": 1800000000000,
                                "delete": 1800000000000,
                                "update": 1800000000000
                            }
                        },
                        "tainted": false
                    },
                    "deposed": [],
                    "provider": "provider.openstack"
                },
                "openstack_compute_instance_v2.cluster_slaves.8": {
                    "type": "openstack_compute_instance_v2",
                    "depends_on": [
                        "openstack_networking_network_v2.cluster-network",
                        "openstack_networking_subnet_v2.cluster-network-subnet"
                    ],
                    "primary": {
                        "id": "3c6af101-c87d-4392-bcb6-4ae95256ee90",
                        "attributes": {
                            "access_ip_v4": "192.168.190.27",
                            "access_ip_v6": "",
                            "all_metadata.%": "0",
                            "availability_zone": "nova",
                            "flavor_id": "2",
                            "flavor_name": "m1.small",
                            "force_delete": "false",
                            "id": "3c6af101-c87d-4392-bcb6-4ae95256ee90",
                            "image_id": "55a20bd5-741c-4ee1-9019-c8e546ee1a2a",
                            "image_name": "ubuntu16.04",
                            "key_pair": "iptnuc7",
                            "name": "nodo-8",
                            "network.#": "1",
                            "network.0.access_network": "false",
                            "network.0.fixed_ip_v4": "192.168.190.27",
                            "network.0.fixed_ip_v6": "",
                            "network.0.floating_ip": "",
                            "network.0.mac": "fa:16:3e:e5:d7:ea",
                            "network.0.name": "master-cluster-network",
                            "network.0.port": "",
                            "network.0.uuid": "c276189b-7d9c-4451-8a4f-d522b11315f4",
                            "power_state": "active",
                            "region": "",
                            "security_groups.#": "1",
                            "security_groups.2116489517": "test-network-secgroup",
                            "stop_before_destroy": "false"
                        },
                        "meta": {
                            "e2bfb730-ecaa-11e6-8f88-34363bc7c4c0": {
                                "create": 1800000000000,
                                "delete": 1800000000000,
                                "update": 1800000000000
                            }
                        },
                        "tainted": false
                    },
                    "deposed": [],
                    "provider": "provider.openstack"
                },
                "openstack_compute_instance_v2.cluster_slaves.9": {
                    "type": "openstack_compute_instance_v2",
                    "depends_on": [
                        "openstack_networking_network_v2.cluster-network",
                        "openstack_networking_subnet_v2.cluster-network-subnet"
                    ],
                    "primary": {
                        "id": "f943a77c-c587-433d-af66-187eddad9679",
                        "attributes": {
                            "access_ip_v4": "192.168.190.16",
                            "access_ip_v6": "",
                            "all_metadata.%": "0",
                            "availability_zone": "nova",
                            "flavor_id": "2",
                            "flavor_name": "m1.small",
                            "force_delete": "false",
                            "id": "f943a77c-c587-433d-af66-187eddad9679",
                            "image_id": "55a20bd5-741c-4ee1-9019-c8e546ee1a2a",
                            "image_name": "ubuntu16.04",
                            "key_pair": "iptnuc7",
                            "name": "nodo-9",
                            "network.#": "1",
                            "network.0.access_network": "false",
                            "network.0.fixed_ip_v4": "192.168.190.16",
                            "network.0.fixed_ip_v6": "",
                            "network.0.floating_ip": "",
                            "network.0.mac": "fa:16:3e:25:09:12",
                            "network.0.name": "master-cluster-network",
                            "network.0.port": "",
                            "network.0.uuid": "c276189b-7d9c-4451-8a4f-d522b11315f4",
                            "power_state": "active",
                            "region": "",
                            "security_groups.#": "1",
                            "security_groups.2116489517": "test-network-secgroup",
                            "stop_before_destroy": "false"
                        },
                        "meta": {
                            "e2bfb730-ecaa-11e6-8f88-34363bc7c4c0": {
                                "create": 1800000000000,
                                "delete": 1800000000000,
                                "update": 1800000000000
                            }
                        },
                        "tainted": false
                    },
                    "deposed": [],
                    "provider": "provider.openstack"
                },
                "openstack_networking_network_v2.cluster-network": {
                    "type": "openstack_networking_network_v2",
                    "depends_on": [],
                    "primary": {
                        "id": "c276189b-7d9c-4451-8a4f-d522b11315f4",
                        "attributes": {
                            "admin_state_up": "true",
                            "availability_zone_hints.#": "0",
                            "id": "c276189b-7d9c-4451-8a4f-d522b11315f4",
                            "name": "master-cluster-network",
                            "region": "",
                            "shared": "false",
                            "tags.#": "0",
                            "tenant_id": "4bed0bf5dbb4420ba290da1b3825a513"
                        },
                        "meta": {
                            "e2bfb730-ecaa-11e6-8f88-34363bc7c4c0": {
                                "create": 600000000000,
                                "delete": 600000000000
                            }
                        },
                        "tainted": false
                    },
                    "deposed": [],
                    "provider": "provider.openstack"
                },
                "openstack_networking_router_interface_v2.cluster-network-intf": {
                    "type": "openstack_networking_router_interface_v2",
                    "depends_on": [
                        "openstack_networking_router_v2.cluster-network-router",
                        "openstack_networking_subnet_v2.cluster-network-subnet"
                    ],
                    "primary": {
                        "id": "4f285d73-6a3a-4f85-ae6c-e0e9563354a2",
                        "attributes": {
                            "id": "4f285d73-6a3a-4f85-ae6c-e0e9563354a2",
                            "port_id": "4f285d73-6a3a-4f85-ae6c-e0e9563354a2",
                            "region": "",
                            "router_id": "e27acdd6-58ca-497e-b15f-62503cbfa930",
                            "subnet_id": "d568435d-e7d7-4bcf-b390-b0539aab0425"
                        },
                        "meta": {
                            "e2bfb730-ecaa-11e6-8f88-34363bc7c4c0": {
                                "create": 600000000000,
                                "delete": 600000000000
                            }
                        },
                        "tainted": false
                    },
                    "deposed": [],
                    "provider": "provider.openstack"
                },
                "openstack_networking_router_v2.cluster-network-router": {
                    "type": "openstack_networking_router_v2",
                    "depends_on": [],
                    "primary": {
                        "id": "e27acdd6-58ca-497e-b15f-62503cbfa930",
                        "attributes": {
                            "admin_state_up": "true",
                            "availability_zone_hints.#": "0",
                            "distributed": "true",
                            "enable_snat": "true",
                            "external_fixed_ip.#": "1",
                            "external_fixed_ip.0.ip_address": "192.168.50.161",
                            "external_fixed_ip.0.subnet_id": "5a196125-faac-40a1-84c7-90eae4aa29fa",
                            "external_gateway": "b6d69518-3af5-40c1-b43b-95954f034ae4",
                            "external_network_id": "b6d69518-3af5-40c1-b43b-95954f034ae4",
                            "id": "e27acdd6-58ca-497e-b15f-62503cbfa930",
                            "name": "cluster-network-router",
                            "region": "",
                            "tags.#": "0",
                            "tenant_id": "4bed0bf5dbb4420ba290da1b3825a513"
                        },
                        "meta": {
                            "e2bfb730-ecaa-11e6-8f88-34363bc7c4c0": {
                                "create": 600000000000,
                                "delete": 600000000000
                            }
                        },
                        "tainted": false
                    },
                    "deposed": [],
                    "provider": "provider.openstack"
                },
                "openstack_networking_secgroup_rule_v2.test-secgroup-icmp": {
                    "type": "openstack_networking_secgroup_rule_v2",
                    "depends_on": [
                        "openstack_networking_secgroup_v2.test-network-secgroup"
                    ],
                    "primary": {
                        "id": "b2d3ef77-6526-42ed-91b3-ce4791b6820f",
                        "attributes": {
                            "description": "",
                            "direction": "ingress",
                            "ethertype": "IPv4",
                            "id": "b2d3ef77-6526-42ed-91b3-ce4791b6820f",
                            "port_range_max": "0",
                            "port_range_min": "0",
                            "protocol": "icmp",
                            "region": "",
                            "remote_group_id": "",
                            "remote_ip_prefix": "0.0.0.0/0",
                            "security_group_id": "640e463c-602c-4886-aa97-e240d7191b01",
                            "tenant_id": "4bed0bf5dbb4420ba290da1b3825a513"
                        },
                        "meta": {
                            "e2bfb730-ecaa-11e6-8f88-34363bc7c4c0": {
                                "delete": 600000000000
                            }
                        },
                        "tainted": false
                    },
                    "deposed": [],
                    "provider": "provider.openstack"
                },
                "openstack_networking_secgroup_rule_v2.test-secgroup-iperf-tcp": {
                    "type": "openstack_networking_secgroup_rule_v2",
                    "depends_on": [
                        "openstack_networking_secgroup_v2.test-network-secgroup"
                    ],
                    "primary": {
                        "id": "73f57ed9-9c0e-473e-9816-6f7064e608a3",
                        "attributes": {
                            "description": "",
                            "direction": "ingress",
                            "ethertype": "IPv4",
                            "id": "73f57ed9-9c0e-473e-9816-6f7064e608a3",
                            "port_range_max": "5001",
                            "port_range_min": "5001",
                            "protocol": "tcp",
                            "region": "",
                            "remote_group_id": "",
                            "remote_ip_prefix": "0.0.0.0/0",
                            "security_group_id": "640e463c-602c-4886-aa97-e240d7191b01",
                            "tenant_id": "4bed0bf5dbb4420ba290da1b3825a513"
                        },
                        "meta": {
                            "e2bfb730-ecaa-11e6-8f88-34363bc7c4c0": {
                                "delete": 600000000000
                            }
                        },
                        "tainted": false
                    },
                    "deposed": [],
                    "provider": "provider.openstack"
                },
                "openstack_networking_secgroup_rule_v2.test-secgroup-iperf-udp": {
                    "type": "openstack_networking_secgroup_rule_v2",
                    "depends_on": [
                        "openstack_networking_secgroup_v2.test-network-secgroup"
                    ],
                    "primary": {
                        "id": "04c8ba9b-903b-4fca-9433-05da1503e309",
                        "attributes": {
                            "description": "",
                            "direction": "ingress",
                            "ethertype": "IPv4",
                            "id": "04c8ba9b-903b-4fca-9433-05da1503e309",
                            "port_range_max": "5001",
                            "port_range_min": "5001",
                            "protocol": "udp",
                            "region": "",
                            "remote_group_id": "",
                            "remote_ip_prefix": "0.0.0.0/0",
                            "security_group_id": "640e463c-602c-4886-aa97-e240d7191b01",
                            "tenant_id": "4bed0bf5dbb4420ba290da1b3825a513"
                        },
                        "meta": {
                            "e2bfb730-ecaa-11e6-8f88-34363bc7c4c0": {
                                "delete": 600000000000
                            }
                        },
                        "tainted": false
                    },
                    "deposed": [],
                    "provider": "provider.openstack"
                },
                "openstack_networking_secgroup_rule_v2.test-secgroup-iperf3-tcp": {
                    "type": "openstack_networking_secgroup_rule_v2",
                    "depends_on": [
                        "openstack_networking_secgroup_v2.test-network-secgroup"
                    ],
                    "primary": {
                        "id": "c174362b-d7d8-4ae6-b1c7-8ec342445e7a",
                        "attributes": {
                            "description": "",
                            "direction": "ingress",
                            "ethertype": "IPv4",
                            "id": "c174362b-d7d8-4ae6-b1c7-8ec342445e7a",
                            "port_range_max": "5201",
                            "port_range_min": "5201",
                            "protocol": "tcp",
                            "region": "",
                            "remote_group_id": "",
                            "remote_ip_prefix": "0.0.0.0/0",
                            "security_group_id": "640e463c-602c-4886-aa97-e240d7191b01",
                            "tenant_id": "4bed0bf5dbb4420ba290da1b3825a513"
                        },
                        "meta": {
                            "e2bfb730-ecaa-11e6-8f88-34363bc7c4c0": {
                                "delete": 600000000000
                            }
                        },
                        "tainted": false
                    },
                    "deposed": [],
                    "provider": "provider.openstack"
                },
                "openstack_networking_secgroup_rule_v2.test-secgroup-iperf3-udp": {
                    "type": "openstack_networking_secgroup_rule_v2",
                    "depends_on": [
                        "openstack_networking_secgroup_v2.test-network-secgroup"
                    ],
                    "primary": {
                        "id": "faaa0950-ca42-4d44-859f-fd4069567b00",
                        "attributes": {
                            "description": "",
                            "direction": "ingress",
                            "ethertype": "IPv4",
                            "id": "faaa0950-ca42-4d44-859f-fd4069567b00",
                            "port_range_max": "5201",
                            "port_range_min": "5201",
                            "protocol": "udp",
                            "region": "",
                            "remote_group_id": "",
                            "remote_ip_prefix": "0.0.0.0/0",
                            "security_group_id": "640e463c-602c-4886-aa97-e240d7191b01",
                            "tenant_id": "4bed0bf5dbb4420ba290da1b3825a513"
                        },
                        "meta": {
                            "e2bfb730-ecaa-11e6-8f88-34363bc7c4c0": {
                                "delete": 600000000000
                            }
                        },
                        "tainted": false
                    },
                    "deposed": [],
                    "provider": "provider.openstack"
                },
                "openstack_networking_secgroup_rule_v2.test-secgroup-ssh": {
                    "type": "openstack_networking_secgroup_rule_v2",
                    "depends_on": [
                        "openstack_networking_secgroup_v2.test-network-secgroup"
                    ],
                    "primary": {
                        "id": "01711535-b86e-43d0-a906-81fc828b6531",
                        "attributes": {
                            "description": "",
                            "direction": "ingress",
                            "ethertype": "IPv4",
                            "id": "01711535-b86e-43d0-a906-81fc828b6531",
                            "port_range_max": "22",
                            "port_range_min": "22",
                            "protocol": "tcp",
                            "region": "",
                            "remote_group_id": "",
                            "remote_ip_prefix": "0.0.0.0/0",
                            "security_group_id": "640e463c-602c-4886-aa97-e240d7191b01",
                            "tenant_id": "4bed0bf5dbb4420ba290da1b3825a513"
                        },
                        "meta": {
                            "e2bfb730-ecaa-11e6-8f88-34363bc7c4c0": {
                                "delete": 600000000000
                            }
                        },
                        "tainted": false
                    },
                    "deposed": [],
                    "provider": "provider.openstack"
                },
                "openstack_networking_secgroup_v2.test-network-secgroup": {
                    "type": "openstack_networking_secgroup_v2",
                    "depends_on": [],
                    "primary": {
                        "id": "640e463c-602c-4886-aa97-e240d7191b01",
                        "attributes": {
                            "description": "victor test Network security group",
                            "id": "640e463c-602c-4886-aa97-e240d7191b01",
                            "name": "vtest-network-secgroup",
                            "region": "",
                            "tags.#": "0",
                            "tenant_id": "4bed0bf5dbb4420ba290da1b3825a513"
                        },
                        "meta": {
                            "e2bfb730-ecaa-11e6-8f88-34363bc7c4c0": {
                                "delete": 600000000000
                            }
                        },
                        "tainted": false
                    },
                    "deposed": [],
                    "provider": "provider.openstack"
                },
                "openstack_networking_subnet_v2.cluster-network-subnet": {
                    "type": "openstack_networking_subnet_v2",
                    "depends_on": [
                        "openstack_networking_network_v2.cluster-network"
                    ],
                    "primary": {
                        "id": "d568435d-e7d7-4bcf-b390-b0539aab0425",
                        "attributes": {
                            "allocation_pools.#": "1",
                            "allocation_pools.0.end": "192.168.190.254",
                            "allocation_pools.0.start": "192.168.190.2",
                            "cidr": "192.168.190.0/24",
                            "dns_nameservers.#": "1",
                            "dns_nameservers.0": "192.168.50.253",
                            "enable_dhcp": "true",
                            "gateway_ip": "192.168.190.1",
                            "host_routes.#": "0",
                            "id": "d568435d-e7d7-4bcf-b390-b0539aab0425",
                            "ip_version": "4",
                            "ipv6_address_mode": "",
                            "ipv6_ra_mode": "",
                            "name": "cluster-network-subnet",
                            "network_id": "c276189b-7d9c-4451-8a4f-d522b11315f4",
                            "no_gateway": "false",
                            "region": "",
                            "subnetpool_id": "",
                            "tags.#": "0",
                            "tenant_id": "4bed0bf5dbb4420ba290da1b3825a513"
                        },
                        "meta": {
                            "e2bfb730-ecaa-11e6-8f88-34363bc7c4c0": {
                                "create": 600000000000,
                                "delete": 600000000000
                            }
                        },
                        "tainted": false
                    },
                    "deposed": [],
                    "provider": "provider.openstack"
                }
            },
            "depends_on": []
        }
    ]
}
