{
    "version": 3,
    "terraform_version": "0.11.10",
    "serial": 6,
    "lineage": "93130927-d584-6c70-c986-5cfdcfe0a8a4",
    "modules": [
        {
            "path": [
                "root"
            ],
            "outputs": {},
            "resources": {
                "openstack_compute_floatingip_v2.test-network-fip": {
                    "type": "openstack_compute_floatingip_v2",
                    "depends_on": [],
                    "primary": {
                        "id": "8a13ba03-fcdb-48dc-add7-3190e34eb78b",
                        "attributes": {
                            "address": "192.168.50.160",
                            "fixed_ip": "",
                            "id": "8a13ba03-fcdb-48dc-add7-3190e34eb78b",
                            "instance_id": "",
                            "pool": "public1",
                            "region": ""
                        },
                        "meta": {},
                        "tainted": false
                    },
                    "deposed": [],
                    "provider": "provider.openstack"
                },
                "openstack_compute_instance_v2.test-network-epc.0": {
                    "type": "openstack_compute_instance_v2",
                    "depends_on": [
                        "openstack_images_image_v2.ubuntu-xenial",
                        "openstack_networking_network_v2.test-network",
                        "openstack_networking_subnet_v2.test-network-subnet"
                    ],
                    "primary": {
                        "id": "60144a5f-6982-4082-a43c-05015875558c",
                        "attributes": {
                            "access_ip_v4": "192.168.187.22",
                            "access_ip_v6": "",
                            "all_metadata.%": "0",
                            "availability_zone": "nova",
                            "flavor_id": "2",
                            "flavor_name": "m1.small",
                            "force_delete": "false",
                            "id": "60144a5f-6982-4082-a43c-05015875558c",
                            "image_id": "2ba0af0f-01cf-418e-941c-bbc1c08bcded",
                            "image_name": "vubuntu16.04",
                            "key_pair": "iptnuc7",
                            "name": "nodo-0",
                            "network.#": "1",
                            "network.0.access_network": "false",
                            "network.0.fixed_ip_v4": "192.168.187.22",
                            "network.0.fixed_ip_v6": "",
                            "network.0.floating_ip": "",
                            "network.0.mac": "fa:16:3e:86:c7:cd",
                            "network.0.name": "cluster-network",
                            "network.0.port": "",
                            "network.0.uuid": "3e14b35c-175b-482b-9940-89b08c6ca127",
                            "power_state": "active",
                            "region": "",
                            "security_groups.#": "1",
                            "security_groups.2116489517": "test-network-secgroup",
                            "stop_before_destroy": "false"
                        },
                        "meta": {
                            "e2bfb730-ecaa-11e6-8f88-34363bc7c4c0": {
                                "create": 1800000000000,
                                "delete": 1800000000000,
                                "update": 1800000000000
                            }
                        },
                        "tainted": false
                    },
                    "deposed": [],
                    "provider": "provider.openstack"
                },
                "openstack_compute_instance_v2.test-network-epc.1": {
                    "type": "openstack_compute_instance_v2",
                    "depends_on": [
                        "openstack_images_image_v2.ubuntu-xenial",
                        "openstack_networking_network_v2.test-network",
                        "openstack_networking_subnet_v2.test-network-subnet"
                    ],
                    "primary": {
                        "id": "e21fe41e-e9d1-47bb-8692-e1f693ad6b6a",
                        "attributes": {
                            "access_ip_v4": "192.168.187.15",
                            "access_ip_v6": "",
                            "all_metadata.%": "0",
                            "availability_zone": "nova",
                            "flavor_id": "2",
                            "flavor_name": "m1.small",
                            "force_delete": "false",
                            "id": "e21fe41e-e9d1-47bb-8692-e1f693ad6b6a",
                            "image_id": "2ba0af0f-01cf-418e-941c-bbc1c08bcded",
                            "image_name": "vubuntu16.04",
                            "key_pair": "iptnuc7",
                            "name": "nodo-1",
                            "network.#": "1",
                            "network.0.access_network": "false",
                            "network.0.fixed_ip_v4": "192.168.187.15",
                            "network.0.fixed_ip_v6": "",
                            "network.0.floating_ip": "",
                            "network.0.mac": "fa:16:3e:dc:14:1b",
                            "network.0.name": "cluster-network",
                            "network.0.port": "",
                            "network.0.uuid": "3e14b35c-175b-482b-9940-89b08c6ca127",
                            "power_state": "active",
                            "region": "",
                            "security_groups.#": "1",
                            "security_groups.2116489517": "test-network-secgroup",
                            "stop_before_destroy": "false"
                        },
                        "meta": {
                            "e2bfb730-ecaa-11e6-8f88-34363bc7c4c0": {
                                "create": 1800000000000,
                                "delete": 1800000000000,
                                "update": 1800000000000
                            }
                        },
                        "tainted": false
                    },
                    "deposed": [],
                    "provider": "provider.openstack"
                },
                "openstack_compute_instance_v2.test-network-epc.2": {
                    "type": "openstack_compute_instance_v2",
                    "depends_on": [
                        "openstack_images_image_v2.ubuntu-xenial",
                        "openstack_networking_network_v2.test-network",
                        "openstack_networking_subnet_v2.test-network-subnet"
                    ],
                    "primary": {
                        "id": "f2a34228-bf0f-4512-aeb0-ab25d8ca3b4b",
                        "attributes": {
                            "access_ip_v4": "192.168.187.17",
                            "access_ip_v6": "",
                            "all_metadata.%": "0",
                            "availability_zone": "nova",
                            "flavor_id": "2",
                            "flavor_name": "m1.small",
                            "force_delete": "false",
                            "id": "f2a34228-bf0f-4512-aeb0-ab25d8ca3b4b",
                            "image_id": "2ba0af0f-01cf-418e-941c-bbc1c08bcded",
                            "image_name": "vubuntu16.04",
                            "key_pair": "iptnuc7",
                            "name": "nodo-2",
                            "network.#": "1",
                            "network.0.access_network": "false",
                            "network.0.fixed_ip_v4": "192.168.187.17",
                            "network.0.fixed_ip_v6": "",
                            "network.0.floating_ip": "",
                            "network.0.mac": "fa:16:3e:2f:db:c8",
                            "network.0.name": "cluster-network",
                            "network.0.port": "",
                            "network.0.uuid": "3e14b35c-175b-482b-9940-89b08c6ca127",
                            "power_state": "active",
                            "region": "",
                            "security_groups.#": "1",
                            "security_groups.2116489517": "test-network-secgroup",
                            "stop_before_destroy": "false"
                        },
                        "meta": {
                            "e2bfb730-ecaa-11e6-8f88-34363bc7c4c0": {
                                "create": 1800000000000,
                                "delete": 1800000000000,
                                "update": 1800000000000
                            }
                        },
                        "tainted": false
                    },
                    "deposed": [],
                    "provider": "provider.openstack"
                },
                "openstack_compute_instance_v2.test-network-epc.3": {
                    "type": "openstack_compute_instance_v2",
                    "depends_on": [
                        "openstack_images_image_v2.ubuntu-xenial",
                        "openstack_networking_network_v2.test-network",
                        "openstack_networking_subnet_v2.test-network-subnet"
                    ],
                    "primary": {
                        "id": "b3893cc4-7bd8-44a3-83dd-ff4db9d514bc",
                        "attributes": {
                            "access_ip_v4": "192.168.187.7",
                            "access_ip_v6": "",
                            "all_metadata.%": "0",
                            "availability_zone": "nova",
                            "flavor_id": "2",
                            "flavor_name": "m1.small",
                            "force_delete": "false",
                            "id": "b3893cc4-7bd8-44a3-83dd-ff4db9d514bc",
                            "image_id": "2ba0af0f-01cf-418e-941c-bbc1c08bcded",
                            "image_name": "vubuntu16.04",
                            "key_pair": "iptnuc7",
                            "name": "nodo-3",
                            "network.#": "1",
                            "network.0.access_network": "false",
                            "network.0.fixed_ip_v4": "192.168.187.7",
                            "network.0.fixed_ip_v6": "",
                            "network.0.floating_ip": "",
                            "network.0.mac": "fa:16:3e:20:ad:b8",
                            "network.0.name": "cluster-network",
                            "network.0.port": "",
                            "network.0.uuid": "3e14b35c-175b-482b-9940-89b08c6ca127",
                            "power_state": "active",
                            "region": "",
                            "security_groups.#": "1",
                            "security_groups.2116489517": "test-network-secgroup",
                            "stop_before_destroy": "false"
                        },
                        "meta": {
                            "e2bfb730-ecaa-11e6-8f88-34363bc7c4c0": {
                                "create": 1800000000000,
                                "delete": 1800000000000,
                                "update": 1800000000000
                            }
                        },
                        "tainted": false
                    },
                    "deposed": [],
                    "provider": "provider.openstack"
                },
                "openstack_compute_instance_v2.test-network-epc.4": {
                    "type": "openstack_compute_instance_v2",
                    "depends_on": [
                        "openstack_images_image_v2.ubuntu-xenial",
                        "openstack_networking_network_v2.test-network",
                        "openstack_networking_subnet_v2.test-network-subnet"
                    ],
                    "primary": {
                        "id": "c5b5217a-4d93-4610-bc74-f29f730fd2eb",
                        "attributes": {
                            "access_ip_v4": "192.168.187.27",
                            "access_ip_v6": "",
                            "all_metadata.%": "0",
                            "availability_zone": "nova",
                            "flavor_id": "2",
                            "flavor_name": "m1.small",
                            "force_delete": "false",
                            "id": "c5b5217a-4d93-4610-bc74-f29f730fd2eb",
                            "image_id": "2ba0af0f-01cf-418e-941c-bbc1c08bcded",
                            "image_name": "vubuntu16.04",
                            "key_pair": "iptnuc7",
                            "name": "nodo-4",
                            "network.#": "1",
                            "network.0.access_network": "false",
                            "network.0.fixed_ip_v4": "192.168.187.27",
                            "network.0.fixed_ip_v6": "",
                            "network.0.floating_ip": "",
                            "network.0.mac": "fa:16:3e:5b:51:ee",
                            "network.0.name": "cluster-network",
                            "network.0.port": "",
                            "network.0.uuid": "3e14b35c-175b-482b-9940-89b08c6ca127",
                            "power_state": "active",
                            "region": "",
                            "security_groups.#": "1",
                            "security_groups.2116489517": "test-network-secgroup",
                            "stop_before_destroy": "false"
                        },
                        "meta": {
                            "e2bfb730-ecaa-11e6-8f88-34363bc7c4c0": {
                                "create": 1800000000000,
                                "delete": 1800000000000,
                                "update": 1800000000000
                            }
                        },
                        "tainted": false
                    },
                    "deposed": [],
                    "provider": "provider.openstack"
                },
                "openstack_compute_instance_v2.test-network-epc.5": {
                    "type": "openstack_compute_instance_v2",
                    "depends_on": [
                        "openstack_images_image_v2.ubuntu-xenial",
                        "openstack_networking_network_v2.test-network",
                        "openstack_networking_subnet_v2.test-network-subnet"
                    ],
                    "primary": {
                        "id": "5405418d-5b72-48ee-8e79-123a4f3e11ba",
                        "attributes": {
                            "access_ip_v4": "192.168.187.3",
                            "access_ip_v6": "",
                            "all_metadata.%": "0",
                            "availability_zone": "nova",
                            "flavor_id": "2",
                            "flavor_name": "m1.small",
                            "force_delete": "false",
                            "id": "5405418d-5b72-48ee-8e79-123a4f3e11ba",
                            "image_id": "2ba0af0f-01cf-418e-941c-bbc1c08bcded",
                            "image_name": "vubuntu16.04",
                            "key_pair": "iptnuc7",
                            "name": "nodo-5",
                            "network.#": "1",
                            "network.0.access_network": "false",
                            "network.0.fixed_ip_v4": "192.168.187.3",
                            "network.0.fixed_ip_v6": "",
                            "network.0.floating_ip": "",
                            "network.0.mac": "fa:16:3e:bb:3b:c2",
                            "network.0.name": "cluster-network",
                            "network.0.port": "",
                            "network.0.uuid": "3e14b35c-175b-482b-9940-89b08c6ca127",
                            "power_state": "active",
                            "region": "",
                            "security_groups.#": "1",
                            "security_groups.2116489517": "test-network-secgroup",
                            "stop_before_destroy": "false"
                        },
                        "meta": {
                            "e2bfb730-ecaa-11e6-8f88-34363bc7c4c0": {
                                "create": 1800000000000,
                                "delete": 1800000000000,
                                "update": 1800000000000
                            }
                        },
                        "tainted": false
                    },
                    "deposed": [],
                    "provider": "provider.openstack"
                },
                "openstack_compute_instance_v2.test-network-epc.6": {
                    "type": "openstack_compute_instance_v2",
                    "depends_on": [
                        "openstack_images_image_v2.ubuntu-xenial",
                        "openstack_networking_network_v2.test-network",
                        "openstack_networking_subnet_v2.test-network-subnet"
                    ],
                    "primary": {
                        "id": "eb8f9556-a461-497b-bb2c-21baa5d231e2",
                        "attributes": {
                            "access_ip_v4": "192.168.187.13",
                            "access_ip_v6": "",
                            "all_metadata.%": "0",
                            "availability_zone": "nova",
                            "flavor_id": "2",
                            "flavor_name": "m1.small",
                            "force_delete": "false",
                            "id": "eb8f9556-a461-497b-bb2c-21baa5d231e2",
                            "image_id": "2ba0af0f-01cf-418e-941c-bbc1c08bcded",
                            "image_name": "vubuntu16.04",
                            "key_pair": "iptnuc7",
                            "name": "nodo-6",
                            "network.#": "1",
                            "network.0.access_network": "false",
                            "network.0.fixed_ip_v4": "192.168.187.13",
                            "network.0.fixed_ip_v6": "",
                            "network.0.floating_ip": "",
                            "network.0.mac": "fa:16:3e:4e:cc:de",
                            "network.0.name": "cluster-network",
                            "network.0.port": "",
                            "network.0.uuid": "3e14b35c-175b-482b-9940-89b08c6ca127",
                            "power_state": "active",
                            "region": "",
                            "security_groups.#": "1",
                            "security_groups.2116489517": "test-network-secgroup",
                            "stop_before_destroy": "false"
                        },
                        "meta": {
                            "e2bfb730-ecaa-11e6-8f88-34363bc7c4c0": {
                                "create": 1800000000000,
                                "delete": 1800000000000,
                                "update": 1800000000000
                            }
                        },
                        "tainted": false
                    },
                    "deposed": [],
                    "provider": "provider.openstack"
                },
                "openstack_compute_instance_v2.test-network-epc.7": {
                    "type": "openstack_compute_instance_v2",
                    "depends_on": [
                        "openstack_images_image_v2.ubuntu-xenial",
                        "openstack_networking_network_v2.test-network",
                        "openstack_networking_subnet_v2.test-network-subnet"
                    ],
                    "primary": {
                        "id": "17de61ef-6aaa-4d2e-a5d6-db32e542fab9",
                        "attributes": {
                            "access_ip_v4": "192.168.187.8",
                            "access_ip_v6": "",
                            "all_metadata.%": "0",
                            "availability_zone": "nova",
                            "flavor_id": "2",
                            "flavor_name": "m1.small",
                            "force_delete": "false",
                            "id": "17de61ef-6aaa-4d2e-a5d6-db32e542fab9",
                            "image_id": "2ba0af0f-01cf-418e-941c-bbc1c08bcded",
                            "image_name": "vubuntu16.04",
                            "key_pair": "iptnuc7",
                            "name": "nodo-7",
                            "network.#": "1",
                            "network.0.access_network": "false",
                            "network.0.fixed_ip_v4": "192.168.187.8",
                            "network.0.fixed_ip_v6": "",
                            "network.0.floating_ip": "",
                            "network.0.mac": "fa:16:3e:1a:ff:eb",
                            "network.0.name": "cluster-network",
                            "network.0.port": "",
                            "network.0.uuid": "3e14b35c-175b-482b-9940-89b08c6ca127",
                            "power_state": "active",
                            "region": "",
                            "security_groups.#": "1",
                            "security_groups.2116489517": "test-network-secgroup",
                            "stop_before_destroy": "false"
                        },
                        "meta": {
                            "e2bfb730-ecaa-11e6-8f88-34363bc7c4c0": {
                                "create": 1800000000000,
                                "delete": 1800000000000,
                                "update": 1800000000000
                            }
                        },
                        "tainted": false
                    },
                    "deposed": [],
                    "provider": "provider.openstack"
                },
                "openstack_compute_instance_v2.test-network-epc.8": {
                    "type": "openstack_compute_instance_v2",
                    "depends_on": [
                        "openstack_images_image_v2.ubuntu-xenial",
                        "openstack_networking_network_v2.test-network",
                        "openstack_networking_subnet_v2.test-network-subnet"
                    ],
                    "primary": {
                        "id": "1de93a46-f965-4010-a051-332cc4550d73",
                        "attributes": {
                            "access_ip_v4": "192.168.187.10",
                            "access_ip_v6": "",
                            "all_metadata.%": "0",
                            "availability_zone": "nova",
                            "flavor_id": "2",
                            "flavor_name": "m1.small",
                            "force_delete": "false",
                            "id": "1de93a46-f965-4010-a051-332cc4550d73",
                            "image_id": "2ba0af0f-01cf-418e-941c-bbc1c08bcded",
                            "image_name": "vubuntu16.04",
                            "key_pair": "iptnuc7",
                            "name": "nodo-8",
                            "network.#": "1",
                            "network.0.access_network": "false",
                            "network.0.fixed_ip_v4": "192.168.187.10",
                            "network.0.fixed_ip_v6": "",
                            "network.0.floating_ip": "",
                            "network.0.mac": "fa:16:3e:3c:85:6c",
                            "network.0.name": "cluster-network",
                            "network.0.port": "",
                            "network.0.uuid": "3e14b35c-175b-482b-9940-89b08c6ca127",
                            "power_state": "active",
                            "region": "",
                            "security_groups.#": "1",
                            "security_groups.2116489517": "test-network-secgroup",
                            "stop_before_destroy": "false"
                        },
                        "meta": {
                            "e2bfb730-ecaa-11e6-8f88-34363bc7c4c0": {
                                "create": 1800000000000,
                                "delete": 1800000000000,
                                "update": 1800000000000
                            }
                        },
                        "tainted": false
                    },
                    "deposed": [],
                    "provider": "provider.openstack"
                },
                "openstack_compute_instance_v2.test-network-epc.9": {
                    "type": "openstack_compute_instance_v2",
                    "depends_on": [
                        "openstack_images_image_v2.ubuntu-xenial",
                        "openstack_networking_network_v2.test-network",
                        "openstack_networking_subnet_v2.test-network-subnet"
                    ],
                    "primary": {
                        "id": "a801bdcc-8f31-46a3-a612-7ca811392590",
                        "attributes": {
                            "access_ip_v4": "192.168.187.6",
                            "access_ip_v6": "",
                            "all_metadata.%": "0",
                            "availability_zone": "nova",
                            "flavor_id": "2",
                            "flavor_name": "m1.small",
                            "force_delete": "false",
                            "id": "a801bdcc-8f31-46a3-a612-7ca811392590",
                            "image_id": "2ba0af0f-01cf-418e-941c-bbc1c08bcded",
                            "image_name": "vubuntu16.04",
                            "key_pair": "iptnuc7",
                            "name": "nodo-9",
                            "network.#": "1",
                            "network.0.access_network": "false",
                            "network.0.fixed_ip_v4": "192.168.187.6",
                            "network.0.fixed_ip_v6": "",
                            "network.0.floating_ip": "",
                            "network.0.mac": "fa:16:3e:68:59:ad",
                            "network.0.name": "cluster-network",
                            "network.0.port": "",
                            "network.0.uuid": "3e14b35c-175b-482b-9940-89b08c6ca127",
                            "power_state": "active",
                            "region": "",
                            "security_groups.#": "1",
                            "security_groups.2116489517": "test-network-secgroup",
                            "stop_before_destroy": "false"
                        },
                        "meta": {
                            "e2bfb730-ecaa-11e6-8f88-34363bc7c4c0": {
                                "create": 1800000000000,
                                "delete": 1800000000000,
                                "update": 1800000000000
                            }
                        },
                        "tainted": false
                    },
                    "deposed": [],
                    "provider": "provider.openstack"
                },
                "openstack_compute_keypair_v2.iptnuc7": {
                    "type": "openstack_compute_keypair_v2",
                    "depends_on": [],
                    "primary": {
                        "id": "iptnuc7",
                        "attributes": {
                            "fingerprint": "7b:9a:27:62:a4:76:62:ad:d2:ff:fa:63:14:85:b7:a7",
                            "id": "iptnuc7",
                            "name": "iptnuc7",
                            "private_key": "",
                            "public_key": "ssh-rsa AAAAB3NzaC1yc2EAAAADAQABAAABAQCt7Vu4D1e7Deh17JCDfpLDuZdWWaxN7cPx7LdJRyiXb12fqtb0DAWuHtDYRu14q7yAziK6cZiN6SaAytZu9xfj1g+Ma9fi0UQ9qxAI+XYbsGEhdpaT+4pyWluQItHga76T23wVx+Iioi6yaHK/9J1EWCzfXL0b8bDU+IFuNzRz+mduDtwE90RTp3xz59/yZtiMHBdLZCdSkgMOcdVIf8Usy80bdmM2nFWvMhtalYjyGWblXHPFb2m7eexpOqpiITJt3CXwS0CIvUzC+zDq8LnibcXE+hC0qJtHeJ/43hXFbTakiWCLczlCxsTJXzrg//StdNclYpOWEEuoTykbz3MJ v.calzado@outlook.com",
                            "region": ""
                        },
                        "meta": {},
                        "tainted": false
                    },
                    "deposed": [],
                    "provider": "provider.openstack"
                },
                "openstack_images_image_v2.ubuntu-xenial": {
                    "type": "openstack_images_image_v2",
                    "depends_on": [],
                    "primary": {
                        "id": "2ba0af0f-01cf-418e-941c-bbc1c08bcded",
                        "attributes": {
                            "checksum": "93b2de7a1313d9623cbd593108a3f62b",
                            "container_format": "bare",
                            "disk_format": "qcow2",
                            "file": "/v2/images/2ba0af0f-01cf-418e-941c-bbc1c08bcded/file",
                            "id": "2ba0af0f-01cf-418e-941c-bbc1c08bcded",
                            "image_cache_path": "/home/labuser/.terraform/image_cache",
                            "image_source_url": "http://cloud-images.ubuntu.com/xenial/current/xenial-server-cloudimg-amd64-disk1.img",
                            "metadata.%": "0",
                            "min_disk_gb": "0",
                            "min_ram_mb": "0",
                            "name": "vubuntu16.04",
                            "owner": "4bed0bf5dbb4420ba290da1b3825a513",
                            "properties.%": "2",
                            "properties.os_hash_algo": "sha512",
                            "properties.os_hash_value": "005175ab16f42f0451e9d942c4b93bcef5ff35bb19bbb067760e490910b0a3b4fe1fd8727eceda4de25c76aad723d06e76e15303b12ccb6980f1a3d22b8f683c",
                            "protected": "false",
                            "region": "",
                            "schema": "/v2/schemas/image",
                            "size_bytes": "297074688",
                            "status": "active",
                            "tags.#": "0",
                            "verify_checksum": "true",
                            "visibility": "public"
                        },
                        "meta": {
                            "e2bfb730-ecaa-11e6-8f88-34363bc7c4c0": {
                                "create": 1800000000000
                            }
                        },
                        "tainted": false
                    },
                    "deposed": [],
                    "provider": "provider.openstack"
                },
                "openstack_networking_network_v2.test-network": {
                    "type": "openstack_networking_network_v2",
                    "depends_on": [],
                    "primary": {
                        "id": "3e14b35c-175b-482b-9940-89b08c6ca127",
                        "attributes": {
                            "admin_state_up": "true",
                            "availability_zone_hints.#": "0",
                            "id": "3e14b35c-175b-482b-9940-89b08c6ca127",
                            "name": "cluster-network",
                            "region": "",
                            "shared": "false",
                            "tags.#": "0",
                            "tenant_id": "4bed0bf5dbb4420ba290da1b3825a513"
                        },
                        "meta": {
                            "e2bfb730-ecaa-11e6-8f88-34363bc7c4c0": {
                                "create": 600000000000,
                                "delete": 600000000000
                            }
                        },
                        "tainted": false
                    },
                    "deposed": [],
                    "provider": "provider.openstack"
                },
                "openstack_networking_router_interface_v2.test-network-intf": {
                    "type": "openstack_networking_router_interface_v2",
                    "depends_on": [
                        "openstack_networking_router_v2.test-network-router",
                        "openstack_networking_subnet_v2.test-network-subnet"
                    ],
                    "primary": {
                        "id": "74df8352-fde7-4f5b-9979-d0715443e381",
                        "attributes": {
                            "id": "74df8352-fde7-4f5b-9979-d0715443e381",
                            "port_id": "74df8352-fde7-4f5b-9979-d0715443e381",
                            "region": "",
                            "router_id": "8634f0c9-dc25-4719-bbd2-b3847024d51d",
                            "subnet_id": "ac214e89-b161-468c-b5e0-f4cee4bb3ab2"
                        },
                        "meta": {
                            "e2bfb730-ecaa-11e6-8f88-34363bc7c4c0": {
                                "create": 600000000000,
                                "delete": 600000000000
                            }
                        },
                        "tainted": false
                    },
                    "deposed": [],
                    "provider": "provider.openstack"
                },
                "openstack_networking_router_v2.test-network-router": {
                    "type": "openstack_networking_router_v2",
                    "depends_on": [],
                    "primary": {
                        "id": "8634f0c9-dc25-4719-bbd2-b3847024d51d",
                        "attributes": {
                            "admin_state_up": "true",
                            "availability_zone_hints.#": "0",
                            "distributed": "true",
                            "enable_snat": "true",
                            "external_fixed_ip.#": "1",
                            "external_fixed_ip.0.ip_address": "192.168.50.150",
                            "external_fixed_ip.0.subnet_id": "5a196125-faac-40a1-84c7-90eae4aa29fa",
                            "external_gateway": "b6d69518-3af5-40c1-b43b-95954f034ae4",
                            "external_network_id": "b6d69518-3af5-40c1-b43b-95954f034ae4",
                            "id": "8634f0c9-dc25-4719-bbd2-b3847024d51d",
                            "name": "vtest-network-router",
                            "region": "",
                            "tags.#": "0",
                            "tenant_id": "4bed0bf5dbb4420ba290da1b3825a513"
                        },
                        "meta": {
                            "e2bfb730-ecaa-11e6-8f88-34363bc7c4c0": {
                                "create": 600000000000,
                                "delete": 600000000000
                            }
                        },
                        "tainted": false
                    },
                    "deposed": [],
                    "provider": "provider.openstack"
                },
                "openstack_networking_secgroup_rule_v2.test-secgroup-icmp": {
                    "type": "openstack_networking_secgroup_rule_v2",
                    "depends_on": [
                        "openstack_networking_secgroup_v2.test-network-secgroup"
                    ],
                    "primary": {
                        "id": "9ed36970-8950-4782-97ec-5484eb30cb2f",
                        "attributes": {
                            "description": "",
                            "direction": "ingress",
                            "ethertype": "IPv4",
                            "id": "9ed36970-8950-4782-97ec-5484eb30cb2f",
                            "port_range_max": "0",
                            "port_range_min": "0",
                            "protocol": "icmp",
                            "region": "",
                            "remote_group_id": "",
                            "remote_ip_prefix": "0.0.0.0/0",
                            "security_group_id": "61c12442-1ec4-42ed-9468-caa079bb1206",
                            "tenant_id": "4bed0bf5dbb4420ba290da1b3825a513"
                        },
                        "meta": {
                            "e2bfb730-ecaa-11e6-8f88-34363bc7c4c0": {
                                "delete": 600000000000
                            }
                        },
                        "tainted": false
                    },
                    "deposed": [],
                    "provider": "provider.openstack"
                },
                "openstack_networking_secgroup_rule_v2.test-secgroup-iperf-tcp": {
                    "type": "openstack_networking_secgroup_rule_v2",
                    "depends_on": [
                        "openstack_networking_secgroup_v2.test-network-secgroup"
                    ],
                    "primary": {
                        "id": "472745ba-de80-4e1d-a2fb-c8692f87d324",
                        "attributes": {
                            "description": "",
                            "direction": "ingress",
                            "ethertype": "IPv4",
                            "id": "472745ba-de80-4e1d-a2fb-c8692f87d324",
                            "port_range_max": "5001",
                            "port_range_min": "5001",
                            "protocol": "tcp",
                            "region": "",
                            "remote_group_id": "",
                            "remote_ip_prefix": "0.0.0.0/0",
                            "security_group_id": "61c12442-1ec4-42ed-9468-caa079bb1206",
                            "tenant_id": "4bed0bf5dbb4420ba290da1b3825a513"
                        },
                        "meta": {
                            "e2bfb730-ecaa-11e6-8f88-34363bc7c4c0": {
                                "delete": 600000000000
                            }
                        },
                        "tainted": false
                    },
                    "deposed": [],
                    "provider": "provider.openstack"
                },
                "openstack_networking_secgroup_rule_v2.test-secgroup-iperf-udp": {
                    "type": "openstack_networking_secgroup_rule_v2",
                    "depends_on": [
                        "openstack_networking_secgroup_v2.test-network-secgroup"
                    ],
                    "primary": {
                        "id": "b258f544-7dba-4116-8132-6800157389bb",
                        "attributes": {
                            "description": "",
                            "direction": "ingress",
                            "ethertype": "IPv4",
                            "id": "b258f544-7dba-4116-8132-6800157389bb",
                            "port_range_max": "5001",
                            "port_range_min": "5001",
                            "protocol": "udp",
                            "region": "",
                            "remote_group_id": "",
                            "remote_ip_prefix": "0.0.0.0/0",
                            "security_group_id": "61c12442-1ec4-42ed-9468-caa079bb1206",
                            "tenant_id": "4bed0bf5dbb4420ba290da1b3825a513"
                        },
                        "meta": {
                            "e2bfb730-ecaa-11e6-8f88-34363bc7c4c0": {
                                "delete": 600000000000
                            }
                        },
                        "tainted": false
                    },
                    "deposed": [],
                    "provider": "provider.openstack"
                },
                "openstack_networking_secgroup_rule_v2.test-secgroup-iperf3-tcp": {
                    "type": "openstack_networking_secgroup_rule_v2",
                    "depends_on": [
                        "openstack_networking_secgroup_v2.test-network-secgroup"
                    ],
                    "primary": {
                        "id": "70e9388d-75fc-47d9-95b6-8c0c55792ea1",
                        "attributes": {
                            "description": "",
                            "direction": "ingress",
                            "ethertype": "IPv4",
                            "id": "70e9388d-75fc-47d9-95b6-8c0c55792ea1",
                            "port_range_max": "5201",
                            "port_range_min": "5201",
                            "protocol": "tcp",
                            "region": "",
                            "remote_group_id": "",
                            "remote_ip_prefix": "0.0.0.0/0",
                            "security_group_id": "61c12442-1ec4-42ed-9468-caa079bb1206",
                            "tenant_id": "4bed0bf5dbb4420ba290da1b3825a513"
                        },
                        "meta": {
                            "e2bfb730-ecaa-11e6-8f88-34363bc7c4c0": {
                                "delete": 600000000000
                            }
                        },
                        "tainted": false
                    },
                    "deposed": [],
                    "provider": "provider.openstack"
                },
                "openstack_networking_secgroup_rule_v2.test-secgroup-iperf3-udp": {
                    "type": "openstack_networking_secgroup_rule_v2",
                    "depends_on": [
                        "openstack_networking_secgroup_v2.test-network-secgroup"
                    ],
                    "primary": {
                        "id": "dceca5a1-ef04-4eeb-83b6-5a75a9169dfd",
                        "attributes": {
                            "description": "",
                            "direction": "ingress",
                            "ethertype": "IPv4",
                            "id": "dceca5a1-ef04-4eeb-83b6-5a75a9169dfd",
                            "port_range_max": "5201",
                            "port_range_min": "5201",
                            "protocol": "udp",
                            "region": "",
                            "remote_group_id": "",
                            "remote_ip_prefix": "0.0.0.0/0",
                            "security_group_id": "61c12442-1ec4-42ed-9468-caa079bb1206",
                            "tenant_id": "4bed0bf5dbb4420ba290da1b3825a513"
                        },
                        "meta": {
                            "e2bfb730-ecaa-11e6-8f88-34363bc7c4c0": {
                                "delete": 600000000000
                            }
                        },
                        "tainted": false
                    },
                    "deposed": [],
                    "provider": "provider.openstack"
                },
                "openstack_networking_secgroup_rule_v2.test-secgroup-ssh": {
                    "type": "openstack_networking_secgroup_rule_v2",
                    "depends_on": [
                        "openstack_networking_secgroup_v2.test-network-secgroup"
                    ],
                    "primary": {
                        "id": "dd547016-a4d2-40e7-a73f-afa2a9ab083d",
                        "attributes": {
                            "description": "",
                            "direction": "ingress",
                            "ethertype": "IPv4",
                            "id": "dd547016-a4d2-40e7-a73f-afa2a9ab083d",
                            "port_range_max": "22",
                            "port_range_min": "22",
                            "protocol": "tcp",
                            "region": "",
                            "remote_group_id": "",
                            "remote_ip_prefix": "0.0.0.0/0",
                            "security_group_id": "61c12442-1ec4-42ed-9468-caa079bb1206",
                            "tenant_id": "4bed0bf5dbb4420ba290da1b3825a513"
                        },
                        "meta": {
                            "e2bfb730-ecaa-11e6-8f88-34363bc7c4c0": {
                                "delete": 600000000000
                            }
                        },
                        "tainted": false
                    },
                    "deposed": [],
                    "provider": "provider.openstack"
                },
                "openstack_networking_secgroup_v2.test-network-secgroup": {
                    "type": "openstack_networking_secgroup_v2",
                    "depends_on": [],
                    "primary": {
                        "id": "61c12442-1ec4-42ed-9468-caa079bb1206",
                        "attributes": {
                            "description": "victor test Network security group",
                            "id": "61c12442-1ec4-42ed-9468-caa079bb1206",
                            "name": "vtest-network-secgroup",
                            "region": "",
                            "tags.#": "0",
                            "tenant_id": "4bed0bf5dbb4420ba290da1b3825a513"
                        },
                        "meta": {
                            "e2bfb730-ecaa-11e6-8f88-34363bc7c4c0": {
                                "delete": 600000000000
                            }
                        },
                        "tainted": false
                    },
                    "deposed": [],
                    "provider": "provider.openstack"
                },
                "openstack_networking_subnet_v2.test-network-subnet": {
                    "type": "openstack_networking_subnet_v2",
                    "depends_on": [
                        "openstack_networking_network_v2.test-network"
                    ],
                    "primary": {
                        "id": "ac214e89-b161-468c-b5e0-f4cee4bb3ab2",
                        "attributes": {
                            "allocation_pools.#": "1",
                            "allocation_pools.0.end": "192.168.187.254",
                            "allocation_pools.0.start": "192.168.187.2",
                            "cidr": "192.168.187.0/24",
                            "dns_nameservers.#": "1",
                            "dns_nameservers.0": "192.168.50.253",
                            "enable_dhcp": "true",
                            "gateway_ip": "192.168.187.1",
                            "host_routes.#": "0",
                            "id": "ac214e89-b161-468c-b5e0-f4cee4bb3ab2",
                            "ip_version": "4",
                            "ipv6_address_mode": "",
                            "ipv6_ra_mode": "",
                            "name": "test-network-subnet",
                            "network_id": "3e14b35c-175b-482b-9940-89b08c6ca127",
                            "no_gateway": "false",
                            "region": "",
                            "subnetpool_id": "",
                            "tags.#": "0",
                            "tenant_id": "4bed0bf5dbb4420ba290da1b3825a513"
                        },
                        "meta": {
                            "e2bfb730-ecaa-11e6-8f88-34363bc7c4c0": {
                                "create": 600000000000,
                                "delete": 600000000000
                            }
                        },
                        "tainted": false
                    },
                    "deposed": [],
                    "provider": "provider.openstack"
                }
            },
            "depends_on": []
        }
    ]
}
